
Microsoft Visual Studio Solution File, Format Version 12.00
# Visual Studio Version 17
VisualStudioVersion = 17.2.32630.192
MinimumVisualStudioVersion = 10.0.40219.1
Project("{FAE04EC0-301F-11D3-BF4B-00C04F79EFBC}") = "A04_ArraySortUsingArrayParameter", "A04_ArraySortUsingArrayParameter\A04_ArraySortUsingArrayParameter.csproj", "{BA670037-4BAB-495E-8FE9-A411FFC68524}"
EndProject
Global
	GlobalSection(SolutionConfigurationPlatforms) = preSolution
		Debug|Any CPU = Debug|Any CPU
		Release|Any CPU = Release|Any CPU
	EndGlobalSection
	GlobalSection(ProjectConfigurationPlatforms) = postSolution
		{BA670037-4BAB-495E-8FE9-A411FFC68524}.Debug|Any CPU.ActiveCfg = Debug|Any CPU
		{BA670037-4BAB-495E-8FE9-A411FFC68524}.Debug|Any CPU.Build.0 = Debug|Any CPU
		{BA670037-4BAB-495E-8FE9-A411FFC68524}.Release|Any CPU.ActiveCfg = Release|Any CPU
		{BA670037-4BAB-495E-8FE9-A411FFC68524}.Release|Any CPU.Build.0 = Release|Any CPU
	EndGlobalSection
	GlobalSection(SolutionProperties) = preSolution
		HideSolutionNode = FALSE
	EndGlobalSection
	GlobalSection(ExtensibilityGlobals) = postSolution
		SolutionGuid = {44FE9306-9837-4DCD-BFB8-EC8E46D29C85}
	EndGlobalSection
EndGlobal
